Microsoft Visual Studio Solution File, Format Version 12.00
# Visual Studio 2012
Project("{FAE04EC0-301F-11D3-BF4B-00C04F79EFBC}") = "Learning-Godot", "Learning-Godot.csproj", "{C261DFE7-F266-4F00-85CB-C4CC808395EF}"
EndProject
Global
	GlobalSection(SolutionConfigurationPlatforms) = preSolution
	Debug|Any CPU = Debug|Any CPU
	ExportDebug|Any CPU = ExportDebug|Any CPU
	ExportRelease|Any CPU = ExportRelease|Any CPU
	EndGlobalSection
	GlobalSection(ProjectConfigurationPlatforms) = postSolution
		{C261DFE7-F266-4F00-85CB-C4CC808395EF}.Debug|Any CPU.ActiveCfg = Debug|Any CPU
		{C261DFE7-F266-4F00-85CB-C4CC808395EF}.Debug|Any CPU.Build.0 = Debug|Any CPU
		{C261DFE7-F266-4F00-85CB-C4CC808395EF}.ExportDebug|Any CPU.ActiveCfg = ExportDebug|Any CPU
		{C261DFE7-F266-4F00-85CB-C4CC808395EF}.ExportDebug|Any CPU.Build.0 = ExportDebug|Any CPU
		{C261DFE7-F266-4F00-85CB-C4CC808395EF}.ExportRelease|Any CPU.ActiveCfg = ExportRelease|Any CPU
		{C261DFE7-F266-4F00-85CB-C4CC808395EF}.ExportRelease|Any CPU.Build.0 = ExportRelease|Any CPU
	EndGlobalSection
EndGlobal
