Microsoft Visual Studio Solution File, Format Version 12.00
# Visual Studio 2012
Project("{FAE04EC0-301F-11D3-BF4B-00C04F79EFBC}") = "Learning-Godot", "Learning-Godot.csproj", "{8528CD67-AA08-480E-9664-4E888687575A}"
EndProject
Global
	GlobalSection(SolutionConfigurationPlatforms) = preSolution
	Debug|Any CPU = Debug|Any CPU
	ExportDebug|Any CPU = ExportDebug|Any CPU
	ExportRelease|Any CPU = ExportRelease|Any CPU
	EndGlobalSection
	GlobalSection(ProjectConfigurationPlatforms) = postSolution
		{8528CD67-AA08-480E-9664-4E888687575A}.Debug|Any CPU.ActiveCfg = Debug|Any CPU
		{8528CD67-AA08-480E-9664-4E888687575A}.Debug|Any CPU.Build.0 = Debug|Any CPU
		{8528CD67-AA08-480E-9664-4E888687575A}.ExportDebug|Any CPU.ActiveCfg = ExportDebug|Any CPU
		{8528CD67-AA08-480E-9664-4E888687575A}.ExportDebug|Any CPU.Build.0 = ExportDebug|Any CPU
		{8528CD67-AA08-480E-9664-4E888687575A}.ExportRelease|Any CPU.ActiveCfg = ExportRelease|Any CPU
		{8528CD67-AA08-480E-9664-4E888687575A}.ExportRelease|Any CPU.Build.0 = ExportRelease|Any CPU
	EndGlobalSection
EndGlobal
